{
  "name": "libredirect_frontends_manager",
  "version": "0.0.4",
  "lockfileVersion": 3,
  "requires": true,
  "packages": {
    "": {
      "name": "libredirect_frontends_manager",
      "version": "0.0.4",
      "devDependencies": {
        "@tauri-apps/cli": "^1.3.0"
      }
    },
    "node_modules/@tauri-apps/cli": {
      "version": "1.3.0",
      "resolved": "https://registry.npmjs.org/@tauri-apps/cli/-/cli-1.3.0.tgz",
      "integrity": "sha512-H65YQQkE6SBTQ+KlqTmzx7oCL/2p36v2jPFVNHBhZ5EN7g0VLYmImh9TFcB/QsO2aT+sVlRZSmTpL3R0Iiu8pA==",
      "dev": true,
      "bin": {
        "tauri": "tauri.js"
      },
      "engines": {
        "node": ">= 10"
      },
      "funding": {
        "type": "opencollective",
        "url": "https://opencollective.com/tauri"
      },
      "optionalDependencies": {
        "@tauri-apps/cli-darwin-arm64": "1.3.0",
        "@tauri-apps/cli-darwin-x64": "1.3.0",
        "@tauri-apps/cli-linux-arm-gnueabihf": "1.3.0",
        "@tauri-apps/cli-linux-arm64-gnu": "1.3.0",
        "@tauri-apps/cli-linux-arm64-musl": "1.3.0",
        "@tauri-apps/cli-linux-x64-gnu": "1.3.0",
        "@tauri-apps/cli-linux-x64-musl": "1.3.0",
        "@tauri-apps/cli-win32-ia32-msvc": "1.3.0",
        "@tauri-apps/cli-win32-x64-msvc": "1.3.0"
      }
    },
    "node_modules/@tauri-apps/cli-darwin-arm64": {
      "version": "1.3.0",
      "resolved": "https://registry.npmjs.org/@tauri-apps/cli-darwin-arm64/-/cli-darwin-arm64-1.3.0.tgz",
      "integrity": "sha512-uuhx3/LaqFyHkoGOnOltBLKWGOzC6WzdXu+/Qv3NmNnyQWkY7O34z5V0oP6ibfuiOBZufKjOuBR+8YAIR8Qh9Q==",
      "cpu": [
        "arm64"
      ],
      "dev": true,
      "optional": true,
      "os": [
        "darwin"
      ],
      "engines": {
        "node": ">= 10"
      }
    },
    "node_modules/@tauri-apps/cli-darwin-x64": {
      "version": "1.3.0",
      "resolved": "https://registry.npmjs.org/@tauri-apps/cli-darwin-x64/-/cli-darwin-x64-1.3.0.tgz",
      "integrity": "sha512-fj0VXHMDvb/H1CjaS/JoYd7xcourxndJn1IyM4afYbpXibT/fpmM6uZflDI6rRa220NfnBtQvy+asgwC9wuyLA==",
      "cpu": [
        "x64"
      ],
      "dev": true,
      "optional": true,
      "os": [
        "darwin"
      ],
      "engines": {
        "node": ">= 10"
      }
    },
    "node_modules/@tauri-apps/cli-linux-arm-gnueabihf": {
      "version": "1.3.0",
      "resolved": "https://registry.npmjs.org/@tauri-apps/cli-linux-arm-gnueabihf/-/cli-linux-arm-gnueabihf-1.3.0.tgz",
      "integrity": "sha512-f80DmFPnH5ZskG61KIlAyMVk9YkrTq0XM2uiQjOo5gToIdJidSwhPQVeBLv+7UxhqaRBx082Dg2fOkWlO3LiOQ==",
      "cpu": [
        "arm"
      ],
      "dev": true,
      "optional": true,
      "os": [
        "linux"
      ],
      "engines": {
        "node": ">= 10"
      }
    },
    "node_modules/@tauri-apps/cli-linux-arm64-gnu": {
      "version": "1.3.0",
      "resolved": "https://registry.npmjs.org/@tauri-apps/cli-linux-arm64-gnu/-/cli-linux-arm64-gnu-1.3.0.tgz",
      "integrity": "sha512-s6/OByuGoppoUSnOXv/b6Oe6cVFk2w/KHs19aJJpo9ov/dUAA1w9wXlXu2l6sOFGsu/plaVomF2cw3iAQmaUCQ==",
      "cpu": [
        "arm64"
      ],
      "dev": true,
      "optional": true,
      "os": [
        "linux"
      ],
      "engines": {
        "node": ">= 10"
      }
    },
    "node_modules/@tauri-apps/cli-linux-arm64-musl": {
      "version": "1.3.0",
      "resolved": "https://registry.npmjs.org/@tauri-apps/cli-linux-arm64-musl/-/cli-linux-arm64-musl-1.3.0.tgz",
      "integrity": "sha512-yZfZAW4BG92cynL/D4wdrwBAl2oekRwiZnU5CM8k5yncalVEL0tyzuxQjjqbqrtDcw0rdkoBWrhFd+EB89vQaQ==",
      "cpu": [
        "arm64"
      ],
      "dev": true,
      "optional": true,
      "os": [
        "linux"
      ],
      "engines": {
        "node": ">= 10"
      }
    },
    "node_modules/@tauri-apps/cli-linux-x64-gnu": {
      "version": "1.3.0",
      "resolved": "https://registry.npmjs.org/@tauri-apps/cli-linux-x64-gnu/-/cli-linux-x64-gnu-1.3.0.tgz",
      "integrity": "sha512-K3KRWSGKh7DTBr/ZKgWzeNX1Vdgx1ZBlUJXsm72R0Hb+93fDEp3TWgiwVkxqecB4aNWJhJsDcvRHuxw1G8xPlA==",
      "cpu": [
        "x64"
      ],
      "dev": true,
      "optional": true,
      "os": [
        "linux"
      ],
      "engines": {
        "node": ">= 10"
      }
    },
    "node_modules/@tauri-apps/cli-linux-x64-musl": {
      "version": "1.3.0",
      "resolved": "https://registry.npmjs.org/@tauri-apps/cli-linux-x64-musl/-/cli-linux-x64-musl-1.3.0.tgz",
      "integrity": "sha512-99bVHqL1EtF7oESrlmEb5BWJsMNQ2ha70gesZhaVO2qI9Vg089XvrFZWC+aGiUsXNFrOw270+D9DKn03xO5+Zg==",
      "cpu": [
        "x64"
      ],
      "dev": true,
      "optional": true,
      "os": [
        "linux"
      ],
      "engines": {
        "node": ">= 10"
      }
    },
    "node_modules/@tauri-apps/cli-win32-ia32-msvc": {
      "version": "1.3.0",
      "resolved": "https://registry.npmjs.org/@tauri-apps/cli-win32-ia32-msvc/-/cli-win32-ia32-msvc-1.3.0.tgz",
      "integrity": "sha512-ckBUTqXXdnCiYyf2xvxiuqiKZurg7ET++f6yzfvYa+gofd5dagQJkGLlkIg2pJ2c8mhEG1Cfk1vxWPqqGfN2GQ==",
      "cpu": [
        "ia32"
      ],
      "dev": true,
      "optional": true,
      "os": [
        "win32"
      ],
      "engines": {
        "node": ">= 10"
      }
    },
    "node_modules/@tauri-apps/cli-win32-x64-msvc": {
      "version": "1.3.0",
      "resolved": "https://registry.npmjs.org/@tauri-apps/cli-win32-x64-msvc/-/cli-win32-x64-msvc-1.3.0.tgz",
      "integrity": "sha512-vQ4wqRE0aziyRxgHIOLudGuxx4wETvFnmMvDBaNJRRrZQPlkOKnRxrvj1rNnI1845BdzSbDF4p7JDcFzToAfXA==",
      "cpu": [
        "x64"
      ],
      "dev": true,
      "optional": true,
      "os": [
        "win32"
      ],
      "engines": {
        "node": ">= 10"
      }
    }
  }
}
